
Microsoft Visual Studio Solution File, Format Version 12.00
# Visual Studio Version 16
VisualStudioVersion = 16.0.29728.190
MinimumVisualStudioVersion = 10.0.40219.1
Project("{FAE04EC0-301F-11D3-BF4B-00C04F79EFBC}") = "Cantalaloun", "Cantalaloun.csproj", "{31E34C7E-A347-45F5-827B-CBCCD5ADC424}"
EndProject
Global
	GlobalSection(SolutionConfigurationPlatforms) = preSolution
		Debug|Any CPU = Debug|Any CPU
		Release|Any CPU = Release|Any CPU
	EndGlobalSection
	GlobalSection(ProjectConfigurationPlatforms) = postSolution
		{31E34C7E-A347-45F5-827B-CBCCD5ADC424}.Debug|Any CPU.ActiveCfg = Debug|Any CPU
		{31E34C7E-A347-45F5-827B-CBCCD5ADC424}.Debug|Any CPU.Build.0 = Debug|Any CPU
		{31E34C7E-A347-45F5-827B-CBCCD5ADC424}.Release|Any CPU.ActiveCfg = Release|Any CPU
		{31E34C7E-A347-45F5-827B-CBCCD5ADC424}.Release|Any CPU.Build.0 = Release|Any CPU
	EndGlobalSection
	GlobalSection(SolutionProperties) = preSolution
		HideSolutionNode = FALSE
	EndGlobalSection
	GlobalSection(ExtensibilityGlobals) = postSolution
		SolutionGuid = {D51A9C79-20B3-49BA-B620-AFCD22A688C3}
	EndGlobalSection
EndGlobal
